
Microsoft Visual Studio Solution File, Format Version 12.00
# Visual Studio Version 16
VisualStudioVersion = 16.0.31702.278
MinimumVisualStudioVersion = 10.0.40219.1
Project("{FAE04EC0-301F-11D3-BF4B-00C04F79EFBC}") = "SocketServer", "SocketServer\SocketServer.csproj", "{E9995ACF-14CF-472D-B0C3-CB6924BA9E12}"
EndProject
Project("{FAE04EC0-301F-11D3-BF4B-00C04F79EFBC}") = "SocketClient", "SocketClient\SocketClient.csproj", "{B07331E5-2ED1-494C-9F54-B80B7E2B02F0}"
EndProject
Global
	GlobalSection(SolutionConfigurationPlatforms) = preSolution
		Debug|Any CPU = Debug|Any CPU
		Release|Any CPU = Release|Any CPU
	EndGlobalSection
	GlobalSection(ProjectConfigurationPlatforms) = postSolution
		{E9995ACF-14CF-472D-B0C3-CB6924BA9E12}.Debug|Any CPU.ActiveCfg = Debug|Any CPU
		{E9995ACF-14CF-472D-B0C3-CB6924BA9E12}.Debug|Any CPU.Build.0 = Debug|Any CPU
		{E9995ACF-14CF-472D-B0C3-CB6924BA9E12}.Release|Any CPU.ActiveCfg = Release|Any CPU
		{E9995ACF-14CF-472D-B0C3-CB6924BA9E12}.Release|Any CPU.Build.0 = Release|Any CPU
		{B07331E5-2ED1-494C-9F54-B80B7E2B02F0}.Debug|Any CPU.ActiveCfg = Debug|Any CPU
		{B07331E5-2ED1-494C-9F54-B80B7E2B02F0}.Debug|Any CPU.Build.0 = Debug|Any CPU
		{B07331E5-2ED1-494C-9F54-B80B7E2B02F0}.Release|Any CPU.ActiveCfg = Release|Any CPU
		{B07331E5-2ED1-494C-9F54-B80B7E2B02F0}.Release|Any CPU.Build.0 = Release|Any CPU
	EndGlobalSection
	GlobalSection(SolutionProperties) = preSolution
		HideSolutionNode = FALSE
	EndGlobalSection
	GlobalSection(ExtensibilityGlobals) = postSolution
		SolutionGuid = {087B9E48-A5D4-4B88-B45E-C5907E503E3A}
	EndGlobalSection
EndGlobal
